dependencies:
- name: postgresql
  repository: https://charts.bitnami.com/bitnami
  version: 10.1.1
- name: redis
  repository: https://charts.bitnami.com/bitnami
  version: 12.7.7
digest: sha256:0d9618557ae25b2fe4b565d5f31feec7ca85904736971f970ad4cdb41215eb6e
generated: "2021-05-28T13:57:15.2232442+02:00"
